
Microsoft Visual Studio Solution File, Format Version 12.00
# Visual Studio Version 16
VisualStudioVersion = 16.0.30804.86
MinimumVisualStudioVersion = 10.0.40219.1
Project("{FAE04EC0-301F-11D3-BF4B-00C04F79EFBC}") = "BIM313-Group5-FinalProject", "BIM313-Group5-FinalProject\BIM313-Group5-FinalProject.csproj", "{0CE5F15B-03DC-427A-83A0-2AC8DC6DC798}"
EndProject
Global
	GlobalSection(SolutionConfigurationPlatforms) = preSolution
		Debug|Any CPU = Debug|Any CPU
		Release|Any CPU = Release|Any CPU
	EndGlobalSection
	GlobalSection(ProjectConfigurationPlatforms) = postSolution
		{0CE5F15B-03DC-427A-83A0-2AC8DC6DC798}.Debug|Any CPU.ActiveCfg = Debug|Any CPU
		{0CE5F15B-03DC-427A-83A0-2AC8DC6DC798}.Debug|Any CPU.Build.0 = Debug|Any CPU
		{0CE5F15B-03DC-427A-83A0-2AC8DC6DC798}.Release|Any CPU.ActiveCfg = Release|Any CPU
		{0CE5F15B-03DC-427A-83A0-2AC8DC6DC798}.Release|Any CPU.Build.0 = Release|Any CPU
	EndGlobalSection
	GlobalSection(SolutionProperties) = preSolution
		HideSolutionNode = FALSE
	EndGlobalSection
	GlobalSection(ExtensibilityGlobals) = postSolution
		SolutionGuid = {23CCC488-162A-41DB-A8AB-D085C6C52107}
	EndGlobalSection
EndGlobal
